
Microsoft Visual Studio Solution File, Format Version 12.00
# Visual Studio 15
VisualStudioVersion = 15.0.27703.2042
MinimumVisualStudioVersion = 10.0.40219.1
Project("{FAE04EC0-301F-11D3-BF4B-00C04F79EFBC}") = "csharp_9.0_xml", "csharp_9.0_xml\csharp_9.0_xml.csproj", "{4DDF27A4-19E2-4C61-A105-DAD08A45FE06}"
EndProject
Project("{FAE04EC0-301F-11D3-BF4B-00C04F79EFBC}") = "csharp_9.1_linqtoxml", "csharp_9.1_linqtoxml\csharp_9.1_linqtoxml.csproj", "{F6AC4C8F-DBFC-4A91-9CE7-0BB6A42AA4D7}"
EndProject
Project("{FAE04EC0-301F-11D3-BF4B-00C04F79EFBC}") = "csharp_9.2_dataxml", "csharp_9.2_dataxml\csharp_9.2_dataxml.csproj", "{93DE5FEF-4E9F-484A-8345-706581EF823A}"
EndProject
Global
	GlobalSection(SolutionConfigurationPlatforms) = preSolution
		Debug|Any CPU = Debug|Any CPU
		Release|Any CPU = Release|Any CPU
	EndGlobalSection
	GlobalSection(ProjectConfigurationPlatforms) = postSolution
		{4DDF27A4-19E2-4C61-A105-DAD08A45FE06}.Debug|Any CPU.ActiveCfg = Debug|Any CPU
		{4DDF27A4-19E2-4C61-A105-DAD08A45FE06}.Debug|Any CPU.Build.0 = Debug|Any CPU
		{4DDF27A4-19E2-4C61-A105-DAD08A45FE06}.Release|Any CPU.ActiveCfg = Release|Any CPU
		{4DDF27A4-19E2-4C61-A105-DAD08A45FE06}.Release|Any CPU.Build.0 = Release|Any CPU
		{F6AC4C8F-DBFC-4A91-9CE7-0BB6A42AA4D7}.Debug|Any CPU.ActiveCfg = Debug|Any CPU
		{F6AC4C8F-DBFC-4A91-9CE7-0BB6A42AA4D7}.Debug|Any CPU.Build.0 = Debug|Any CPU
		{F6AC4C8F-DBFC-4A91-9CE7-0BB6A42AA4D7}.Release|Any CPU.ActiveCfg = Release|Any CPU
		{F6AC4C8F-DBFC-4A91-9CE7-0BB6A42AA4D7}.Release|Any CPU.Build.0 = Release|Any CPU
		{93DE5FEF-4E9F-484A-8345-706581EF823A}.Debug|Any CPU.ActiveCfg = Debug|Any CPU
		{93DE5FEF-4E9F-484A-8345-706581EF823A}.Debug|Any CPU.Build.0 = Debug|Any CPU
		{93DE5FEF-4E9F-484A-8345-706581EF823A}.Release|Any CPU.ActiveCfg = Release|Any CPU
		{93DE5FEF-4E9F-484A-8345-706581EF823A}.Release|Any CPU.Build.0 = Release|Any CPU
	EndGlobalSection
	GlobalSection(SolutionProperties) = preSolution
		HideSolutionNode = FALSE
	EndGlobalSection
	GlobalSection(ExtensibilityGlobals) = postSolution
		SolutionGuid = {40D89E2B-AABD-4757-AF91-D50644E62DB1}
	EndGlobalSection
EndGlobal
